{
  "projects": [
    {
      "projectId": "3zC4fkbXrqgM7fa4uUQ6gc",
      "branchName": "main",
      "version": "latest",
      "dependencies": {},
      "lang": "js",
      "fileLocks": [
        {
          "type": "globalVariant",
          "assetId": "ierlKbTz2fEBM",
          "checksum": "d15aab686a321f7f7bb66d18a928166c"
        },
        {
          "assetId": "3zC4fkbXrqgM7fa4uUQ6gc",
          "type": "projectCss",
          "checksum": "dbd27445c5a41bc3fe7913aeb9097770"
        },
        {
          "type": "renderModule",
          "assetId": "s6OfDSndSlLq",
          "checksum": "66c6c109bd206001d7b023e3338cc3ee"
        },
        {
          "type": "cssRules",
          "assetId": "s6OfDSndSlLq",
          "checksum": "66c6c109bd206001d7b023e3338cc3ee"
        },
        {
          "type": "renderModule",
          "assetId": "J9Xb6loAMA5g",
          "checksum": "a3619770f489328e39cd161727f410b4"
        },
        {
          "type": "cssRules",
          "assetId": "J9Xb6loAMA5g",
          "checksum": "a3619770f489328e39cd161727f410b4"
        },
        {
          "type": "renderModule",
          "assetId": "0CkNIEupY0Hu",
          "checksum": "64cfc5a397c3c5902c833d425b2641d4"
        },
        {
          "type": "cssRules",
          "assetId": "0CkNIEupY0Hu",
          "checksum": "64cfc5a397c3c5902c833d425b2641d4"
        },
        {
          "type": "renderModule",
          "assetId": "WiEt6D1xJqRk",
          "checksum": "e2757ddd492ebebfea24231b7d9eff29"
        },
        {
          "type": "cssRules",
          "assetId": "WiEt6D1xJqRk",
          "checksum": "e2757ddd492ebebfea24231b7d9eff29"
        },
        {
          "type": "renderModule",
          "assetId": "xXnEIiPFr7Hw",
          "checksum": "c7dfe4ca64fa9b954e01364798fa30cb"
        },
        {
          "type": "cssRules",
          "assetId": "xXnEIiPFr7Hw",
          "checksum": "c7dfe4ca64fa9b954e01364798fa30cb"
        },
        {
          "type": "renderModule",
          "assetId": "sy3a2Bzkhydd",
          "checksum": "cde42be8a09a4857043ded32cd6dcf19"
        },
        {
          "type": "cssRules",
          "assetId": "sy3a2Bzkhydd",
          "checksum": "cde42be8a09a4857043ded32cd6dcf19"
        },
        {
          "type": "renderModule",
          "assetId": "GD5qjcZow291",
          "checksum": "b29d227c70f050326e8b7ee1b3b5b77a"
        },
        {
          "type": "cssRules",
          "assetId": "GD5qjcZow291",
          "checksum": "b29d227c70f050326e8b7ee1b3b5b77a"
        },
        {
          "type": "renderModule",
          "assetId": "b5vzjRTME0bP",
          "checksum": "1b14b749b42e028096d8e04ce3ba4e9c"
        },
        {
          "type": "cssRules",
          "assetId": "b5vzjRTME0bP",
          "checksum": "1b14b749b42e028096d8e04ce3ba4e9c"
        },
        {
          "type": "renderModule",
          "assetId": "y033EJ2gvGOP",
          "checksum": "c3d416fd751a922a1987eb016b1f89a0"
        },
        {
          "type": "cssRules",
          "assetId": "y033EJ2gvGOP",
          "checksum": "c3d416fd751a922a1987eb016b1f89a0"
        },
        {
          "type": "renderModule",
          "assetId": "aWJJKtgQmWYG",
          "checksum": "7aa621e0696160aa771d4811ff243eff"
        },
        {
          "type": "cssRules",
          "assetId": "aWJJKtgQmWYG",
          "checksum": "7aa621e0696160aa771d4811ff243eff"
        },
        {
          "type": "renderModule",
          "assetId": "CYS2LUwprbGk",
          "checksum": "2eae3ca27ffa218b11dec5ce90e9b7b4"
        },
        {
          "type": "cssRules",
          "assetId": "CYS2LUwprbGk",
          "checksum": "2eae3ca27ffa218b11dec5ce90e9b7b4"
        },
        {
          "type": "renderModule",
          "assetId": "DX5kHRLOuC5m",
          "checksum": "216fd1f5cabf36062246778d40e41ad8"
        },
        {
          "type": "cssRules",
          "assetId": "DX5kHRLOuC5m",
          "checksum": "216fd1f5cabf36062246778d40e41ad8"
        },
        {
          "type": "renderModule",
          "assetId": "lv4KyWg4kriw",
          "checksum": "bcf8cb42da49f7d3c2d234f79fc42efd"
        },
        {
          "type": "cssRules",
          "assetId": "lv4KyWg4kriw",
          "checksum": "bcf8cb42da49f7d3c2d234f79fc42efd"
        },
        {
          "type": "renderModule",
          "assetId": "upGhw7grZoRY",
          "checksum": "f255dca49af9e818a9f6b1cbc7231f69"
        },
        {
          "type": "cssRules",
          "assetId": "upGhw7grZoRY",
          "checksum": "f255dca49af9e818a9f6b1cbc7231f69"
        },
        {
          "type": "renderModule",
          "assetId": "pvBswXS-PAiN",
          "checksum": "97ff32d16c7b55a554a5059d8a9ffb8d"
        },
        {
          "type": "cssRules",
          "assetId": "pvBswXS-PAiN",
          "checksum": "97ff32d16c7b55a554a5059d8a9ffb8d"
        },
        {
          "type": "renderModule",
          "assetId": "uLaA8ka39xVhs",
          "checksum": "3bafb3f76af301fd21dabe9bf8f3bb54"
        },
        {
          "type": "cssRules",
          "assetId": "uLaA8ka39xVhs",
          "checksum": "3bafb3f76af301fd21dabe9bf8f3bb54"
        },
        {
          "type": "renderModule",
          "assetId": "v2kyjvl0fjv0f",
          "checksum": "b3782551047827b75717fec742342745"
        },
        {
          "type": "cssRules",
          "assetId": "v2kyjvl0fjv0f",
          "checksum": "b3782551047827b75717fec742342745"
        },
        {
          "type": "renderModule",
          "assetId": "EZv7q1aaCOim9",
          "checksum": "7611cc812a5a0912fe24b98f52ca9912"
        },
        {
          "type": "cssRules",
          "assetId": "EZv7q1aaCOim9",
          "checksum": "7611cc812a5a0912fe24b98f52ca9912"
        },
        {
          "type": "renderModule",
          "assetId": "XCV3ePZyvYDQx",
          "checksum": "f26b8d576eb25270992bee6e6854c131"
        },
        {
          "type": "cssRules",
          "assetId": "XCV3ePZyvYDQx",
          "checksum": "f26b8d576eb25270992bee6e6854c131"
        },
        {
          "type": "renderModule",
          "assetId": "T8GBFsxoMDWy7",
          "checksum": "019990252fdbdb71aa1891dc8c12a742"
        },
        {
          "type": "cssRules",
          "assetId": "T8GBFsxoMDWy7",
          "checksum": "019990252fdbdb71aa1891dc8c12a742"
        },
        {
          "type": "renderModule",
          "assetId": "cbhlZG0xBFUCF",
          "checksum": "e9171320ecbbbcb9441761931f0f9db0"
        },
        {
          "type": "cssRules",
          "assetId": "cbhlZG0xBFUCF",
          "checksum": "e9171320ecbbbcb9441761931f0f9db0"
        },
        {
          "type": "renderModule",
          "assetId": "f_SKjW6-c0te6",
          "checksum": "992b7b4a24a7d4e7cf9448ea65e3a11f"
        },
        {
          "type": "cssRules",
          "assetId": "f_SKjW6-c0te6",
          "checksum": "992b7b4a24a7d4e7cf9448ea65e3a11f"
        },
        {
          "type": "renderModule",
          "assetId": "laa7crdBu-d-5",
          "checksum": "31ed13d1667902834aa16c132a6d8541"
        },
        {
          "type": "cssRules",
          "assetId": "laa7crdBu-d-5",
          "checksum": "31ed13d1667902834aa16c132a6d8541"
        },
        {
          "type": "renderModule",
          "assetId": "BIgZw3EfZ7QsC",
          "checksum": "5b574685d1e88ef7f610fe8a3b97f28a"
        },
        {
          "type": "cssRules",
          "assetId": "BIgZw3EfZ7QsC",
          "checksum": "5b574685d1e88ef7f610fe8a3b97f28a"
        },
        {
          "type": "renderModule",
          "assetId": "Ibk58H-q1HvXP",
          "checksum": "1a2e6cf02cc219176adfb1f61214afd8"
        },
        {
          "type": "cssRules",
          "assetId": "Ibk58H-q1HvXP",
          "checksum": "1a2e6cf02cc219176adfb1f61214afd8"
        },
        {
          "type": "renderModule",
          "assetId": "13f91Mu3UP43H",
          "checksum": "42233c377f0d4f97a129301be5005168"
        },
        {
          "type": "cssRules",
          "assetId": "13f91Mu3UP43H",
          "checksum": "42233c377f0d4f97a129301be5005168"
        },
        {
          "type": "renderModule",
          "assetId": "6wL4e50p0b0F1",
          "checksum": "e3e65b0d4c752e78db26281af3eac5ef"
        },
        {
          "type": "cssRules",
          "assetId": "6wL4e50p0b0F1",
          "checksum": "e3e65b0d4c752e78db26281af3eac5ef"
        },
        {
          "type": "renderModule",
          "assetId": "PygFo_olYU2eE",
          "checksum": "0562129f454aee21acb540ce07cac5d1"
        },
        {
          "type": "cssRules",
          "assetId": "PygFo_olYU2eE",
          "checksum": "0562129f454aee21acb540ce07cac5d1"
        },
        {
          "type": "renderModule",
          "assetId": "BTxNxkf2a_gqO",
          "checksum": "93ac9e0d7ee32ec33f36d7840e372627"
        },
        {
          "type": "cssRules",
          "assetId": "BTxNxkf2a_gqO",
          "checksum": "93ac9e0d7ee32ec33f36d7840e372627"
        },
        {
          "type": "renderModule",
          "assetId": "ZteDXpjmX1GcU",
          "checksum": "a94415770cbdb4a0b8d4ffe8a4ba2125"
        },
        {
          "type": "cssRules",
          "assetId": "ZteDXpjmX1GcU",
          "checksum": "a94415770cbdb4a0b8d4ffe8a4ba2125"
        },
        {
          "type": "renderModule",
          "assetId": "kSpDxjD_pwfjg",
          "checksum": "545041ea5383790cf14921b1e60cc035"
        },
        {
          "type": "cssRules",
          "assetId": "kSpDxjD_pwfjg",
          "checksum": "545041ea5383790cf14921b1e60cc035"
        },
        {
          "type": "renderModule",
          "assetId": "2unxNwk8dJbsQ",
          "checksum": "31484342d12caa4aa36abd69c95f863c"
        },
        {
          "type": "cssRules",
          "assetId": "2unxNwk8dJbsQ",
          "checksum": "31484342d12caa4aa36abd69c95f863c"
        },
        {
          "type": "renderModule",
          "assetId": "B0iOxTXkcBF1q",
          "checksum": "14d8c6245d2d4f425aacbb4550cb8a17"
        },
        {
          "type": "cssRules",
          "assetId": "B0iOxTXkcBF1q",
          "checksum": "14d8c6245d2d4f425aacbb4550cb8a17"
        },
        {
          "type": "renderModule",
          "assetId": "rwd5K-c7BMZhc",
          "checksum": "23e1a256ecda4c262d3762ae02448be3"
        },
        {
          "type": "cssRules",
          "assetId": "rwd5K-c7BMZhc",
          "checksum": "23e1a256ecda4c262d3762ae02448be3"
        },
        {
          "type": "renderModule",
          "assetId": "gNl0zZ0FFTQzF",
          "checksum": "bd6b3e07476530672e709774b666d3f8"
        },
        {
          "type": "cssRules",
          "assetId": "gNl0zZ0FFTQzF",
          "checksum": "bd6b3e07476530672e709774b666d3f8"
        },
        {
          "type": "renderModule",
          "assetId": "SUVzuaJhE9_zZ",
          "checksum": "168078cd811b48f863d2b3769eda42e4"
        },
        {
          "type": "cssRules",
          "assetId": "SUVzuaJhE9_zZ",
          "checksum": "168078cd811b48f863d2b3769eda42e4"
        },
        {
          "type": "renderModule",
          "assetId": "ZdSXoNDizEOWv",
          "checksum": "957b9d5b85320a080fcc7bec5a476287"
        },
        {
          "type": "cssRules",
          "assetId": "ZdSXoNDizEOWv",
          "checksum": "957b9d5b85320a080fcc7bec5a476287"
        },
        {
          "type": "renderModule",
          "assetId": "1A3yA97KyAGkI",
          "checksum": "a0bbc85adb5951bf2a4657af245f3701"
        },
        {
          "type": "cssRules",
          "assetId": "1A3yA97KyAGkI",
          "checksum": "a0bbc85adb5951bf2a4657af245f3701"
        },
        {
          "type": "renderModule",
          "assetId": "IV9s9cqeaQh16",
          "checksum": "db52f2080a9070811c4fc36024686402"
        },
        {
          "type": "cssRules",
          "assetId": "IV9s9cqeaQh16",
          "checksum": "db52f2080a9070811c4fc36024686402"
        },
        {
          "type": "renderModule",
          "assetId": "GHJP9WAlLl7qF",
          "checksum": "8f329de4efb646223f1ec414cd6e6bc9"
        },
        {
          "type": "cssRules",
          "assetId": "GHJP9WAlLl7qF",
          "checksum": "8f329de4efb646223f1ec414cd6e6bc9"
        },
        {
          "type": "renderModule",
          "assetId": "wregEPrBpIM3Q",
          "checksum": "5304631a10206c37de4d6323a6e3c53a"
        },
        {
          "type": "cssRules",
          "assetId": "wregEPrBpIM3Q",
          "checksum": "5304631a10206c37de4d6323a6e3c53a"
        },
        {
          "type": "renderModule",
          "assetId": "E3lM0PUKaPh9z",
          "checksum": "59623d1f6bfeacf17cf734a43db789f7"
        },
        {
          "type": "cssRules",
          "assetId": "E3lM0PUKaPh9z",
          "checksum": "59623d1f6bfeacf17cf734a43db789f7"
        },
        {
          "type": "renderModule",
          "assetId": "g-IwhhK4FNntL",
          "checksum": "788148b79706189b3b4c8f9a87079bfd"
        },
        {
          "type": "cssRules",
          "assetId": "g-IwhhK4FNntL",
          "checksum": "788148b79706189b3b4c8f9a87079bfd"
        },
        {
          "type": "renderModule",
          "assetId": "sOkDWM3QbSqcr",
          "checksum": "fe4cae4edfd106bfd12dd9e14023fcda"
        },
        {
          "type": "cssRules",
          "assetId": "sOkDWM3QbSqcr",
          "checksum": "fe4cae4edfd106bfd12dd9e14023fcda"
        },
        {
          "type": "renderModule",
          "assetId": "BMf2mES7fXAFl",
          "checksum": "fcefa6b9a3a7a0c35d4376b150714241"
        },
        {
          "type": "cssRules",
          "assetId": "BMf2mES7fXAFl",
          "checksum": "fcefa6b9a3a7a0c35d4376b150714241"
        },
        {
          "type": "renderModule",
          "assetId": "tF0N1JJ5LS0Xf",
          "checksum": "61713627513be9af690cf1c2e32f75cf"
        },
        {
          "type": "cssRules",
          "assetId": "tF0N1JJ5LS0Xf",
          "checksum": "61713627513be9af690cf1c2e32f75cf"
        },
        {
          "type": "renderModule",
          "assetId": "yUGsci6V1hzTO",
          "checksum": "4b3a2d7c7faab0723fc540bbeecc6c36"
        },
        {
          "type": "cssRules",
          "assetId": "yUGsci6V1hzTO",
          "checksum": "4b3a2d7c7faab0723fc540bbeecc6c36"
        },
        {
          "type": "renderModule",
          "assetId": "CXw6UI1gHhM9d",
          "checksum": "26044087172f431d0ca032c0f21a68fc"
        },
        {
          "type": "cssRules",
          "assetId": "CXw6UI1gHhM9d",
          "checksum": "26044087172f431d0ca032c0f21a68fc"
        },
        {
          "type": "renderModule",
          "assetId": "KPvfscqbuo6iJ",
          "checksum": "e8ca525ad546c39a7e22c91903140162"
        },
        {
          "type": "cssRules",
          "assetId": "KPvfscqbuo6iJ",
          "checksum": "e8ca525ad546c39a7e22c91903140162"
        },
        {
          "type": "renderModule",
          "assetId": "XENwy7AkusalZ",
          "checksum": "ba0bee1009c4055624d4e4e4d2d5d4ca"
        },
        {
          "type": "cssRules",
          "assetId": "XENwy7AkusalZ",
          "checksum": "ba0bee1009c4055624d4e4e4d2d5d4ca"
        },
        {
          "type": "renderModule",
          "assetId": "ug8AQhEcKzWj5",
          "checksum": "352c3afe87e31077487dfe22bd8b775b"
        },
        {
          "type": "cssRules",
          "assetId": "ug8AQhEcKzWj5",
          "checksum": "352c3afe87e31077487dfe22bd8b775b"
        },
        {
          "type": "renderModule",
          "assetId": "4kaU5catRfWkc",
          "checksum": "4b105416402628e70ed437c9a3593c20"
        },
        {
          "type": "cssRules",
          "assetId": "4kaU5catRfWkc",
          "checksum": "4b105416402628e70ed437c9a3593c20"
        },
        {
          "type": "renderModule",
          "assetId": "9TASJaZtPK0h5",
          "checksum": "8c4b9564cbd7414dfc6db49701f1cc71"
        },
        {
          "type": "cssRules",
          "assetId": "9TASJaZtPK0h5",
          "checksum": "8c4b9564cbd7414dfc6db49701f1cc71"
        },
        {
          "type": "renderModule",
          "assetId": "LtQqAjhgZlNbe",
          "checksum": "a7f83ef31522f79ac3d63d6d3ee683ac"
        },
        {
          "type": "cssRules",
          "assetId": "LtQqAjhgZlNbe",
          "checksum": "a7f83ef31522f79ac3d63d6d3ee683ac"
        },
        {
          "type": "renderModule",
          "assetId": "dg5hG6WfqSe6w",
          "checksum": "e4b73db5c186f71b5851fa2281bf7a28"
        },
        {
          "type": "cssRules",
          "assetId": "dg5hG6WfqSe6w",
          "checksum": "e4b73db5c186f71b5851fa2281bf7a28"
        },
        {
          "type": "icon",
          "assetId": "x_fBhSe4r8eDP",
          "checksum": "713bc8ab9ff0568c5b0995c25db56579"
        },
        {
          "type": "icon",
          "assetId": "5Inzcklc5x3s_",
          "checksum": "6a6563d99d64afd24994e23a2c0848d7"
        },
        {
          "type": "icon",
          "assetId": "5VnbFq94xyRIw",
          "checksum": "e164c9f0192587de7734535472870e32"
        },
        {
          "type": "icon",
          "assetId": "pRzhvAlYP-XWZ",
          "checksum": "de532e6bf33853491f741739234d4c4c"
        },
        {
          "type": "icon",
          "assetId": "jQr0C1AuVT2XH",
          "checksum": "27f0ab61542fc09bbe4c156205c26a4b"
        },
        {
          "type": "icon",
          "assetId": "ojuWn1sgjthTA",
          "checksum": "dde944cfb6003d5be28cb5421b0efc34"
        },
        {
          "type": "icon",
          "assetId": "PgEbvHOTJPHi_",
          "checksum": "e457f1007ead02a0b42ac5a18c030c51"
        },
        {
          "type": "icon",
          "assetId": "hPoNzb6u7mvZw",
          "checksum": "645197ab02c93b6da24f8e27fb6b4b74"
        },
        {
          "type": "icon",
          "assetId": "LpEf2AVk2Rzt_",
          "checksum": "e8994e702f7b33c38010e03030ec6e0c"
        },
        {
          "type": "icon",
          "assetId": "6kz-gPUQsS5ia",
          "checksum": "a807562f4a95ca4be3f008cd64c0228d"
        },
        {
          "type": "icon",
          "assetId": "wJ1n7T5uuygmV",
          "checksum": "09c85d290107e104ac6f5aceed5bf21c"
        },
        {
          "type": "icon",
          "assetId": "9MTkHYXavgrj_",
          "checksum": "006e03b0bb5631fd9f9400dcaa6eff19"
        },
        {
          "type": "icon",
          "assetId": "qyDbFYfpaFHMy",
          "checksum": "9147429d3bc247b41cafffc2db8ed001"
        },
        {
          "type": "icon",
          "assetId": "hP0pZnCFTj98n",
          "checksum": "0786b1f6687a07b75784361bd240dfbe"
        },
        {
          "type": "icon",
          "assetId": "UigDy4yKoKCVO",
          "checksum": "17d5d49463d89a32c40a6998c751a651"
        },
        {
          "type": "icon",
          "assetId": "Auft1bfzXWFpj",
          "checksum": "66ba60e6a347ae377b21f9278de95074"
        },
        {
          "type": "icon",
          "assetId": "LKpswmIWEaDyH",
          "checksum": "45416216daf81a959af8069751add32d"
        },
        {
          "type": "icon",
          "assetId": "tGC1V-5eAWH4v",
          "checksum": "24e0274b70bbfd17da31404c4e7641b8"
        },
        {
          "type": "icon",
          "assetId": "qVTEGUu7dCBKS",
          "checksum": "9d84452dbdd2797bc91a7f42aeb5b3e4"
        },
        {
          "type": "icon",
          "assetId": "XY9cNFX5nW6a7",
          "checksum": "6bed472d37de4ddcb09ef1252f60486a"
        },
        {
          "type": "icon",
          "assetId": "5w8xstE5uxIB-",
          "checksum": "66875a6dcee5d871d7611f69c7051403"
        },
        {
          "type": "icon",
          "assetId": "6M3X2Kp4kYWk1",
          "checksum": "c28566f55814106cb4579779675f8d76"
        },
        {
          "type": "icon",
          "assetId": "tMLysDvctlBIJ",
          "checksum": "2fbcba54cab5578fb01f465ce977a8e3"
        },
        {
          "type": "icon",
          "assetId": "7Og3bir_ykHTL",
          "checksum": "9a14edb6bc8915eb276d53740d6af148"
        },
        {
          "type": "icon",
          "assetId": "EWyEHdFs7T6u-",
          "checksum": "17e1902baa5b62863fb35c6e0cac9a92"
        },
        {
          "type": "icon",
          "assetId": "_tHtoG-9FQuNq",
          "checksum": "fd1e8513b650dff0473f861cfa657940"
        },
        {
          "type": "icon",
          "assetId": "EK68Zjh9Kfk22",
          "checksum": "0ea0c604fafa4354e0ac8ad3dd9c7799"
        },
        {
          "type": "icon",
          "assetId": "u2FED9AS6Oc99",
          "checksum": "2ea75aba4cd735f227c0fe68a3117e00"
        },
        {
          "type": "icon",
          "assetId": "4IVHO_LSTsckR",
          "checksum": "46de499cf1bafe8d230cd1f0773026be"
        },
        {
          "type": "icon",
          "assetId": "8LGDDflNs47Vz",
          "checksum": "b97af11b53d176bf36d7eb9116dd725d"
        },
        {
          "type": "icon",
          "assetId": "xnZl6dzGdk64v",
          "checksum": "8cf26c98ead674c9bc5d535d683fe3f5"
        },
        {
          "type": "icon",
          "assetId": "kiLAbz2skACJY",
          "checksum": "73ffa3a5ddb31771d1364fd1c02e6896"
        },
        {
          "type": "icon",
          "assetId": "GueOIOwUk-ilA",
          "checksum": "32518d64f40ef4100ed542f517831db8"
        },
        {
          "type": "icon",
          "assetId": "XfnfbWI_67LAC",
          "checksum": "39a243b1f0149c8400e9888ba5b2843f"
        },
        {
          "type": "icon",
          "assetId": "da1uoXFODK",
          "checksum": "82165fef722a307782b43540832ab29f"
        },
        {
          "type": "icon",
          "assetId": "Y_OgYm4SQ1",
          "checksum": "88e41706a1c35812f8c536103bdaf6e4"
        },
        {
          "type": "icon",
          "assetId": "5mvgTMu7T3",
          "checksum": "7fcb54d269819335e6e2297ef1110574"
        },
        {
          "type": "icon",
          "assetId": "n3NzJIJ6sR",
          "checksum": "5c9115087b878328b8443d1a45a9687d"
        },
        {
          "type": "icon",
          "assetId": "9uNL5T1DWmo",
          "checksum": "5126779bd7d0870492415564ee3b8acb"
        },
        {
          "type": "image",
          "assetId": "80SZOtooXPbsc",
          "checksum": "0c0c92fb09b8de6e9660fc87786aeada"
        },
        {
          "type": "image",
          "assetId": "K3U6gVcNd3fEF",
          "checksum": "fa8fe9f38d74fd0ed562d25063743804"
        },
        {
          "type": "image",
          "assetId": "U9rDAop8Q02M6",
          "checksum": "5c77a433a636cd2086d5f85d82c41a03"
        },
        {
          "type": "image",
          "assetId": "05P4IQ639RGRy",
          "checksum": "a14ee87db3cf4e966319aae01d1790d4"
        },
        {
          "type": "image",
          "assetId": "9xfm2YUYXat7e",
          "checksum": "547e1dd7bc1f403041b43fed39c654d8"
        },
        {
          "type": "image",
          "assetId": "BVhsKS0CG1wxy",
          "checksum": "a94c24dfd609a94e9fd33999221ff81e"
        },
        {
          "type": "image",
          "assetId": "n87FFOfvzDCGS",
          "checksum": "da7e3f210c63596fed3833476cd52ca2"
        },
        {
          "type": "image",
          "assetId": "vH8D6zmIKvpxx",
          "checksum": "536bc853807f810d94de142871f1a835"
        },
        {
          "type": "image",
          "assetId": "4BwokMHYAYMDa",
          "checksum": "bbf57d5aa3f2d4548b19e5f28043e432"
        },
        {
          "type": "image",
          "assetId": "xFW0sKSPUdoUT",
          "checksum": "09a544f7a1e9b797667f2db7fa488cc9"
        },
        {
          "type": "image",
          "assetId": "OqOeZSEkSPVK7",
          "checksum": "9d271440f1926fda1440a892a1643397"
        },
        {
          "type": "image",
          "assetId": "IlmYawU24BC9K",
          "checksum": "beb1121aeeb13c30a17f281280db99d2"
        },
        {
          "type": "image",
          "assetId": "TofGQFhFkQyvY",
          "checksum": "9c53a41649021b0e5e65fa3642d671f6"
        },
        {
          "type": "image",
          "assetId": "YF5o8-KTlo0iz",
          "checksum": "fd100c402dd08cc7d08c7cfacc39da28"
        },
        {
          "type": "image",
          "assetId": "ZxrWkR4Z9xwMp",
          "checksum": "584fc054602833315543e98d66493b6f"
        },
        {
          "type": "image",
          "assetId": "JWS0IE3VuIpeo",
          "checksum": "ba3a65a7cf5cb395aff50b3785cbad96"
        },
        {
          "type": "image",
          "assetId": "IBBRPVydeJyG2",
          "checksum": "f6c4ce2b5c270b12a2f77cae10a1046a"
        },
        {
          "type": "image",
          "assetId": "Rl9ZtK7KALaRG",
          "checksum": "f7e437ae43d7bf40d8d933429629f321"
        },
        {
          "type": "image",
          "assetId": "75dilToC7tBMP",
          "checksum": "8c1ba94a065fb36aaf2339e0b75c6a0c"
        },
        {
          "type": "image",
          "assetId": "PGYBlJw6fAY1a",
          "checksum": "173c4f97bcc3beba8c14450998d06833"
        },
        {
          "type": "image",
          "assetId": "TKnf8qNn465ZC",
          "checksum": "b2c88eb0973a3fce47fe38b00e75b5ad"
        },
        {
          "type": "image",
          "assetId": "K6LFstjm2SB7W",
          "checksum": "e52cd56697f64735c9930fd74efbae68"
        },
        {
          "type": "image",
          "assetId": "XwNS3tyC6IWLi",
          "checksum": "7e269bf401ee392f084b4b5196c403d0"
        },
        {
          "type": "image",
          "assetId": "UhlQskdIXy82u",
          "checksum": "f9c99bb2ae6757610abe6ed6dda5a3e7"
        },
        {
          "type": "image",
          "assetId": "8b6XW8GEU64vQ",
          "checksum": "08ff2197371584065709c8d4c8f44c50"
        },
        {
          "type": "image",
          "assetId": "QaiEG5ziSCArH",
          "checksum": "df4166b1420e2f78f801ebf6090ffa05"
        },
        {
          "type": "image",
          "assetId": "-vPuSuJIUnPWl",
          "checksum": "c49c6350f5d5b23946fd02b26f24c8d3"
        },
        {
          "type": "image",
          "assetId": "wZuudlvOXDLiA",
          "checksum": "a3d8613848a8746e43265cea1afb39ca"
        },
        {
          "type": "image",
          "assetId": "R0S0B0XJJfgOi",
          "checksum": "69e735d26cd900d115f2fa3a9ef02851"
        },
        {
          "type": "image",
          "assetId": "1pnXy68dZjse3",
          "checksum": "bee0688144ae5935574f4f59bdd43123"
        },
        {
          "type": "image",
          "assetId": "rBOLzcihz_LgV",
          "checksum": "ae70691a0dab43e8002448cf204638d3"
        },
        {
          "type": "image",
          "assetId": "Y1OzigCoVorZr",
          "checksum": "69b80bb580cd77d1a2fbc52e61d10b9a"
        },
        {
          "type": "image",
          "assetId": "c5YY3734SA2o3",
          "checksum": "1550911c062d05bad7e2666695366ad9"
        },
        {
          "type": "image",
          "assetId": "hQdVtMl0gIPbm",
          "checksum": "4cb7d2cca8e05f8a3102b95d3e44c097"
        },
        {
          "type": "image",
          "assetId": "G2ERnqGgYHQl9",
          "checksum": "c280ef0e28f2fa51ef848c8024560d97"
        },
        {
          "type": "image",
          "assetId": "uADh-yChnMrmI",
          "checksum": "feaee7df90fd6e999abc144b4c6bba13"
        },
        {
          "type": "image",
          "assetId": "0FYlVlWz8LZwQ",
          "checksum": "934bd065234a705df0c7d3d9dd21bd77"
        },
        {
          "type": "image",
          "assetId": "s3sTu0Zc6WF4j",
          "checksum": "1a1bcd8e0e2f798b74d598bc0cc1ad35"
        },
        {
          "type": "image",
          "assetId": "Ji4fULiMHBNug",
          "checksum": "680d7be285362c1fde506c3c9c742080"
        },
        {
          "type": "image",
          "assetId": "snzp39odl-zOx",
          "checksum": "a48061a7e449d8bab0ed40dabd37633c"
        },
        {
          "type": "image",
          "assetId": "ZWyGzqqXq4pAg",
          "checksum": "a796c57a07313653f6b70417b1d8037d"
        },
        {
          "type": "image",
          "assetId": "c-9lMtwd4cydk",
          "checksum": "24f4ab15b5eae84703ee8c2c56788f0d"
        },
        {
          "type": "image",
          "assetId": "xAhA9e52ZM2cd",
          "checksum": "626f90d4cee6fa086309154adb6b3a71"
        },
        {
          "type": "image",
          "assetId": "J8SXYe3jahWyD",
          "checksum": "040a42c92974dfe3e0c25a74861a105d"
        },
        {
          "type": "image",
          "assetId": "E6BlZ-ZbXAb6e",
          "checksum": "0602c4d2a91657d45756e6bbe57ba236"
        },
        {
          "type": "image",
          "assetId": "2DrXRDc7OtDup",
          "checksum": "dd6d04266927e426d41c83ab590b10a7"
        },
        {
          "type": "image",
          "assetId": "o06wMf--pZr99",
          "checksum": "9b4f86aebf68418992088a66d8cf2220"
        },
        {
          "type": "image",
          "assetId": "rVtcUULvvo",
          "checksum": "87a40b9803dafa0d36a874d37109f3f1"
        },
        {
          "type": "image",
          "assetId": "TAMlxtaQO4",
          "checksum": "8aced4968ceea0cfebf1305920719870"
        },
        {
          "type": "image",
          "assetId": "2Ioasza3cI",
          "checksum": "d0125170d923f2e309549c1b7ed3df2c"
        },
        {
          "type": "image",
          "assetId": "ul0Dy2WGzA",
          "checksum": "6aa05d8187ebd4cbc39aed651d7c8099"
        },
        {
          "type": "image",
          "assetId": "bPnB-78ICm",
          "checksum": "db085816d18000707cee86506765ebf7"
        },
        {
          "type": "image",
          "assetId": "3YCFSY6VOV",
          "checksum": "051d5d41b825ce941ac016c0e5b3c024"
        },
        {
          "type": "image",
          "assetId": "mRw7QNU-vu",
          "checksum": "ece67dce273158253ae98df11b037064"
        },
        {
          "type": "image",
          "assetId": "JlDrBQSMMwz",
          "checksum": "b888ba70404524be897a48cbba5e77e0"
        }
      ],
      "codegenVersion": "0.0.1"
    }
  ],
  "cliVersion": "0.1.188"
}
